
Microsoft Visual Studio Solution File, Format Version 11.00
# Visual Studio 2010
Project("{FAE04EC0-301F-11D3-BF4B-00C04F79EFBC}") = "MooseXLSReports", "MooseXLSReports\MooseXLSReports.csproj", "{838BBF64-9A88-4A8B-8F5B-35A40DF3CA2F}"
EndProject
Project("{FAE04EC0-301F-11D3-BF4B-00C04F79EFBC}") = "MooseXLSReportsTests", "MooseXLSReportsTests\MooseXLSReportsTests.csproj", "{D66172B3-FD3D-4E83-B044-DACDDFC08C57}"
EndProject
Global
	GlobalSection(SolutionConfigurationPlatforms) = preSolution
		Debug|Any CPU = Debug|Any CPU
		Release|Any CPU = Release|Any CPU
	EndGlobalSection
	GlobalSection(ProjectConfigurationPlatforms) = postSolution
		{838BBF64-9A88-4A8B-8F5B-35A40DF3CA2F}.Debug|Any CPU.ActiveCfg = Debug|Any CPU
		{838BBF64-9A88-4A8B-8F5B-35A40DF3CA2F}.Debug|Any CPU.Build.0 = Debug|Any CPU
		{838BBF64-9A88-4A8B-8F5B-35A40DF3CA2F}.Release|Any CPU.ActiveCfg = Release|Any CPU
		{838BBF64-9A88-4A8B-8F5B-35A40DF3CA2F}.Release|Any CPU.Build.0 = Release|Any CPU
		{D66172B3-FD3D-4E83-B044-DACDDFC08C57}.Debug|Any CPU.ActiveCfg = Debug|Any CPU
		{D66172B3-FD3D-4E83-B044-DACDDFC08C57}.Debug|Any CPU.Build.0 = Debug|Any CPU
		{D66172B3-FD3D-4E83-B044-DACDDFC08C57}.Release|Any CPU.ActiveCfg = Release|Any CPU
		{D66172B3-FD3D-4E83-B044-DACDDFC08C57}.Release|Any CPU.Build.0 = Release|Any CPU
	EndGlobalSection
	GlobalSection(SolutionProperties) = preSolution
		HideSolutionNode = FALSE
	EndGlobalSection
EndGlobal
